
Microsoft Visual Studio Solution File, Format Version 12.00
# Visual Studio Version 16
VisualStudioVersion = 16.0.30621.155
MinimumVisualStudioVersion = 10.0.40219.1
Project("{FAE04EC0-301F-11D3-BF4B-00C04F79EFBC}") = "MCV", "Mvc\Mvc.csproj", "{2C362D61-49CF-4A20-B79A-141F5F635B6F}"
EndProject
Global
	GlobalSection(SolutionConfigurationPlatforms) = preSolution
		Debug|Any CPU = Debug|Any CPU
		Release|Any CPU = Release|Any CPU
	EndGlobalSection
	GlobalSection(ProjectConfigurationPlatforms) = postSolution
		{2C362D61-49CF-4A20-B79A-141F5F635B6F}.Debug|Any CPU.ActiveCfg = Debug|Any CPU
		{2C362D61-49CF-4A20-B79A-141F5F635B6F}.Debug|Any CPU.Build.0 = Debug|Any CPU
		{2C362D61-49CF-4A20-B79A-141F5F635B6F}.Release|Any CPU.ActiveCfg = Release|Any CPU
		{2C362D61-49CF-4A20-B79A-141F5F635B6F}.Release|Any CPU.Build.0 = Release|Any CPU
	EndGlobalSection
	GlobalSection(SolutionProperties) = preSolution
		HideSolutionNode = FALSE
	EndGlobalSection
	GlobalSection(ExtensibilityGlobals) = postSolution
		SolutionGuid = {EDA0C5C1-69D4-4EB5-B129-400BC735CD27}
	EndGlobalSection
EndGlobal
